
Microsoft Visual Studio Solution File, Format Version 12.00
# Visual Studio Version 16
VisualStudioVersion = 16.0.31613.86
MinimumVisualStudioVersion = 10.0.40219.1
Project("{9A19103F-16F7-4668-BE54-9A1E7A4F7556}") = "Exchange.WebApi", "Exchange.WebApi\Exchange.WebApi.csproj", "{3E88CA32-F14D-47B4-A07E-A9BF1C2B4DD0}"
EndProject
Project("{9A19103F-16F7-4668-BE54-9A1E7A4F7556}") = "Exchange.Domain", "Exchange.Domain\Exchange.Domain.csproj", "{AFEA7AA7-54E3-4FB6-8D5A-6C7E5DCC562F}"
EndProject
Project("{9A19103F-16F7-4668-BE54-9A1E7A4F7556}") = "Exchange.Data.Sqlite", "Exchange.Data.Sqlite\Exchange.Data.Sqlite.csproj", "{081C7761-2527-44B7-A26B-99C72A818754}"
EndProject
Project("{9A19103F-16F7-4668-BE54-9A1E7A4F7556}") = "Exchange.Data.Sqlite.Tests", "Exchange.Data.Sqlite.Tests\Exchange.Data.Sqlite.Tests.csproj", "{388C15B7-14FC-49AA-A005-B92780CB5770}"
EndProject
Project("{9A19103F-16F7-4668-BE54-9A1E7A4F7556}") = "Exchange.Core", "Exchange.Core\Exchange.Core.csproj", "{C71AE428-22B1-416A-A395-BF6A9BB29655}"
EndProject
Project("{9A19103F-16F7-4668-BE54-9A1E7A4F7556}") = "Exchange.Core.Tests", "Exchange.Core.Tests\Exchange.Core.Tests.csproj", "{D13877CB-11D6-4371-A451-D13B17A062C7}"
EndProject
Project("{2150E333-8FDC-42A3-9474-1A3956D46DE8}") = "Web", "Web", "{D76FE17C-A13E-4BF1-B870-D2F70A49BD6D}"
EndProject
Project("{2150E333-8FDC-42A3-9474-1A3956D46DE8}") = "Infrastructure", "Infrastructure", "{47F59BED-688C-4373-A2BC-69D9E15269D3}"
EndProject
Project("{2150E333-8FDC-42A3-9474-1A3956D46DE8}") = "Tests", "Tests", "{3F2BB5FE-CF00-4B66-B212-6AFEEDE2A613}"
EndProject
Global
	GlobalSection(SolutionConfigurationPlatforms) = preSolution
		Debug|Any CPU = Debug|Any CPU
		Release|Any CPU = Release|Any CPU
	EndGlobalSection
	GlobalSection(ProjectConfigurationPlatforms) = postSolution
		{3E88CA32-F14D-47B4-A07E-A9BF1C2B4DD0}.Debug|Any CPU.ActiveCfg = Debug|Any CPU
		{3E88CA32-F14D-47B4-A07E-A9BF1C2B4DD0}.Debug|Any CPU.Build.0 = Debug|Any CPU
		{3E88CA32-F14D-47B4-A07E-A9BF1C2B4DD0}.Release|Any CPU.ActiveCfg = Release|Any CPU
		{3E88CA32-F14D-47B4-A07E-A9BF1C2B4DD0}.Release|Any CPU.Build.0 = Release|Any CPU
		{AFEA7AA7-54E3-4FB6-8D5A-6C7E5DCC562F}.Debug|Any CPU.ActiveCfg = Debug|Any CPU
		{AFEA7AA7-54E3-4FB6-8D5A-6C7E5DCC562F}.Debug|Any CPU.Build.0 = Debug|Any CPU
		{AFEA7AA7-54E3-4FB6-8D5A-6C7E5DCC562F}.Release|Any CPU.ActiveCfg = Release|Any CPU
		{AFEA7AA7-54E3-4FB6-8D5A-6C7E5DCC562F}.Release|Any CPU.Build.0 = Release|Any CPU
		{081C7761-2527-44B7-A26B-99C72A818754}.Debug|Any CPU.ActiveCfg = Debug|Any CPU
		{081C7761-2527-44B7-A26B-99C72A818754}.Debug|Any CPU.Build.0 = Debug|Any CPU
		{081C7761-2527-44B7-A26B-99C72A818754}.Release|Any CPU.ActiveCfg = Release|Any CPU
		{081C7761-2527-44B7-A26B-99C72A818754}.Release|Any CPU.Build.0 = Release|Any CPU
		{388C15B7-14FC-49AA-A005-B92780CB5770}.Debug|Any CPU.ActiveCfg = Debug|Any CPU
		{388C15B7-14FC-49AA-A005-B92780CB5770}.Debug|Any CPU.Build.0 = Debug|Any CPU
		{388C15B7-14FC-49AA-A005-B92780CB5770}.Release|Any CPU.ActiveCfg = Release|Any CPU
		{388C15B7-14FC-49AA-A005-B92780CB5770}.Release|Any CPU.Build.0 = Release|Any CPU
		{C71AE428-22B1-416A-A395-BF6A9BB29655}.Debug|Any CPU.ActiveCfg = Debug|Any CPU
		{C71AE428-22B1-416A-A395-BF6A9BB29655}.Debug|Any CPU.Build.0 = Debug|Any CPU
		{C71AE428-22B1-416A-A395-BF6A9BB29655}.Release|Any CPU.ActiveCfg = Release|Any CPU
		{C71AE428-22B1-416A-A395-BF6A9BB29655}.Release|Any CPU.Build.0 = Release|Any CPU
		{D13877CB-11D6-4371-A451-D13B17A062C7}.Debug|Any CPU.ActiveCfg = Debug|Any CPU
		{D13877CB-11D6-4371-A451-D13B17A062C7}.Debug|Any CPU.Build.0 = Debug|Any CPU
		{D13877CB-11D6-4371-A451-D13B17A062C7}.Release|Any CPU.ActiveCfg = Release|Any CPU
		{D13877CB-11D6-4371-A451-D13B17A062C7}.Release|Any CPU.Build.0 = Release|Any CPU
	EndGlobalSection
	GlobalSection(SolutionProperties) = preSolution
		HideSolutionNode = FALSE
	EndGlobalSection
	GlobalSection(NestedProjects) = preSolution
		{3E88CA32-F14D-47B4-A07E-A9BF1C2B4DD0} = {D76FE17C-A13E-4BF1-B870-D2F70A49BD6D}
		{081C7761-2527-44B7-A26B-99C72A818754} = {47F59BED-688C-4373-A2BC-69D9E15269D3}
		{388C15B7-14FC-49AA-A005-B92780CB5770} = {3F2BB5FE-CF00-4B66-B212-6AFEEDE2A613}
		{C71AE428-22B1-416A-A395-BF6A9BB29655} = {47F59BED-688C-4373-A2BC-69D9E15269D3}
		{D13877CB-11D6-4371-A451-D13B17A062C7} = {3F2BB5FE-CF00-4B66-B212-6AFEEDE2A613}
	EndGlobalSection
	GlobalSection(ExtensibilityGlobals) = postSolution
		SolutionGuid = {1F4612B3-8D64-411C-A288-47262E15B218}
	EndGlobalSection
EndGlobal
